
Microsoft Visual Studio Solution File, Format Version 12.00
# Visual Studio Version 17
Project("{8BC9CEB8-8B4A-11D0-8D11-00A0C91BC942}") = "ALL_BUILD", "ALL_BUILD.vcxproj", "{700B543E-77E5-37B4-9518-EB2F78CEB114}"
	ProjectSection(ProjectDependencies) = postProject
		{394841A2-4ABE-3973-AB78-5B31E0E15428} = {394841A2-4ABE-3973-AB78-5B31E0E15428}
		{487A5C22-1179-3449-85A4-328719755914} = {487A5C22-1179-3449-85A4-328719755914}
	EndProjectSection
EndProject
Project("{8BC9CEB8-8B4A-11D0-8D11-00A0C91BC942}") = "ZERO_CHECK", "ZERO_CHECK.vcxproj", "{394841A2-4ABE-3973-AB78-5B31E0E15428}"
	ProjectSection(ProjectDependencies) = postProject
	EndProjectSection
EndProject
Project("{8BC9CEB8-8B4A-11D0-8D11-00A0C91BC942}") = "projektas2", "projektas2.vcxproj", "{487A5C22-1179-3449-85A4-328719755914}"
	ProjectSection(ProjectDependencies) = postProject
		{394841A2-4ABE-3973-AB78-5B31E0E15428} = {394841A2-4ABE-3973-AB78-5B31E0E15428}
	EndProjectSection
EndProject
Global
	GlobalSection(SolutionConfigurationPlatforms) = preSolution
		Debug|x64 = Debug|x64
		Release|x64 = Release|x64
		MinSizeRel|x64 = MinSizeRel|x64
		RelWithDebInfo|x64 = RelWithDebInfo|x64
	EndGlobalSection
	GlobalSection(ProjectConfigurationPlatforms) = postSolution
		{700B543E-77E5-37B4-9518-EB2F78CEB114}.Debug|x64.ActiveCfg = Debug|x64
		{700B543E-77E5-37B4-9518-EB2F78CEB114}.Release|x64.ActiveCfg = Release|x64
		{700B543E-77E5-37B4-9518-EB2F78CEB114}.MinSizeRel|x64.ActiveCfg = MinSizeRel|x64
		{700B543E-77E5-37B4-9518-EB2F78CEB114}.RelWithDebInfo|x64.ActiveCfg = RelWithDebInfo|x64
		{394841A2-4ABE-3973-AB78-5B31E0E15428}.Debug|x64.ActiveCfg = Debug|x64
		{394841A2-4ABE-3973-AB78-5B31E0E15428}.Debug|x64.Build.0 = Debug|x64
		{394841A2-4ABE-3973-AB78-5B31E0E15428}.Release|x64.ActiveCfg = Release|x64
		{394841A2-4ABE-3973-AB78-5B31E0E15428}.Release|x64.Build.0 = Release|x64
		{394841A2-4ABE-3973-AB78-5B31E0E15428}.MinSizeRel|x64.ActiveCfg = MinSizeRel|x64
		{394841A2-4ABE-3973-AB78-5B31E0E15428}.MinSizeRel|x64.Build.0 = MinSizeRel|x64
		{394841A2-4ABE-3973-AB78-5B31E0E15428}.RelWithDebInfo|x64.ActiveCfg = RelWithDebInfo|x64
		{394841A2-4ABE-3973-AB78-5B31E0E15428}.RelWithDebInfo|x64.Build.0 = RelWithDebInfo|x64
		{487A5C22-1179-3449-85A4-328719755914}.Debug|x64.ActiveCfg = Debug|x64
		{487A5C22-1179-3449-85A4-328719755914}.Debug|x64.Build.0 = Debug|x64
		{487A5C22-1179-3449-85A4-328719755914}.Release|x64.ActiveCfg = Release|x64
		{487A5C22-1179-3449-85A4-328719755914}.Release|x64.Build.0 = Release|x64
		{487A5C22-1179-3449-85A4-328719755914}.MinSizeRel|x64.ActiveCfg = MinSizeRel|x64
		{487A5C22-1179-3449-85A4-328719755914}.MinSizeRel|x64.Build.0 = MinSizeRel|x64
		{487A5C22-1179-3449-85A4-328719755914}.RelWithDebInfo|x64.ActiveCfg = RelWithDebInfo|x64
		{487A5C22-1179-3449-85A4-328719755914}.RelWithDebInfo|x64.Build.0 = RelWithDebInfo|x64
	EndGlobalSection
	GlobalSection(ExtensibilityGlobals) = postSolution
		SolutionGuid = {0DFF4B2D-E669-302F-B176-8BA09ABF0096}
	EndGlobalSection
	GlobalSection(ExtensibilityAddIns) = postSolution
	EndGlobalSection
EndGlobal
